
Microsoft Visual Studio Solution File, Format Version 12.00
# Visual Studio Version 16
VisualStudioVersion = 16.0.29709.97
MinimumVisualStudioVersion = 10.0.40219.1
Project("{FAE04EC0-301F-11D3-BF4B-00C04F79EFBC}") = "SQLiteSample2", "SQLiteSample2\SQLiteSample2\SQLiteSample2.csproj", "{4081955B-84CB-4A99-8B31-18A8EDA10BDB}"
EndProject
Project("{FAE04EC0-301F-11D3-BF4B-00C04F79EFBC}") = "SQLiteSample2.Android", "SQLiteSample2\SQLiteSample2.Android\SQLiteSample2.Android.csproj", "{E5AB7420-35E0-4789-BE98-49E8A62BB404}"
EndProject
Project("{FAE04EC0-301F-11D3-BF4B-00C04F79EFBC}") = "SQLiteSample2.iOS", "SQLiteSample2\SQLiteSample2.iOS\SQLiteSample2.iOS.csproj", "{7FA46ADD-41DA-4802-BE8C-6C7DAFA02425}"
EndProject
Project("{FAE04EC0-301F-11D3-BF4B-00C04F79EFBC}") = "SQLiteSample2.UWP", "SQLiteSample2\SQLiteSample2.UWP\SQLiteSample2.UWP.csproj", "{3281355E-49F8-4ECF-AABF-0F744654C784}"
EndProject
Global
	GlobalSection(SolutionConfigurationPlatforms) = preSolution
		Ad-Hoc|Any CPU = Ad-Hoc|Any CPU
		Ad-Hoc|ARM = Ad-Hoc|ARM
		Ad-Hoc|iPhone = Ad-Hoc|iPhone
		Ad-Hoc|iPhoneSimulator = Ad-Hoc|iPhoneSimulator
		Ad-Hoc|x64 = Ad-Hoc|x64
		Ad-Hoc|x86 = Ad-Hoc|x86
		AppStore|Any CPU = AppStore|Any CPU
		AppStore|ARM = AppStore|ARM
		AppStore|iPhone = AppStore|iPhone
		AppStore|iPhoneSimulator = AppStore|iPhoneSimulator
		AppStore|x64 = AppStore|x64
		AppStore|x86 = AppStore|x86
		Debug|Any CPU = Debug|Any CPU
		Debug|ARM = Debug|ARM
		Debug|iPhone = Debug|iPhone
		Debug|iPhoneSimulator = Debug|iPhoneSimulator
		Debug|x64 = Debug|x64
		Debug|x86 = Debug|x86
		Release|Any CPU = Release|Any CPU
		Release|ARM = Release|ARM
		Release|iPhone = Release|iPhone
		Release|iPhoneSimulator = Release|iPhoneSimulator
		Release|x64 = Release|x64
		Release|x86 = Release|x86
	EndGlobalSection
	GlobalSection(ProjectConfigurationPlatforms) = postSolution
		{4081955B-84CB-4A99-8B31-18A8EDA10BDB}.Ad-Hoc|Any CPU.ActiveCfg = Debug|Any CPU
		{4081955B-84CB-4A99-8B31-18A8EDA10BDB}.Ad-Hoc|Any CPU.Build.0 = Debug|Any CPU
		{4081955B-84CB-4A99-8B31-18A8EDA10BDB}.Ad-Hoc|ARM.ActiveCfg = Debug|Any CPU
		{4081955B-84CB-4A99-8B31-18A8EDA10BDB}.Ad-Hoc|ARM.Build.0 = Debug|Any CPU
		{4081955B-84CB-4A99-8B31-18A8EDA10BDB}.Ad-Hoc|iPhone.ActiveCfg = Debug|Any CPU
		{4081955B-84CB-4A99-8B31-18A8EDA10BDB}.Ad-Hoc|iPhone.Build.0 = Debug|Any CPU
		{4081955B-84CB-4A99-8B31-18A8EDA10BDB}.Ad-Hoc|iPhoneSimulator.ActiveCfg = Debug|Any CPU
		{4081955B-84CB-4A99-8B31-18A8EDA10BDB}.Ad-Hoc|iPhoneSimulator.Build.0 = Debug|Any CPU
		{4081955B-84CB-4A99-8B31-18A8EDA10BDB}.Ad-Hoc|x64.ActiveCfg = Debug|Any CPU
		{4081955B-84CB-4A99-8B31-18A8EDA10BDB}.Ad-Hoc|x64.Build.0 = Debug|Any CPU
		{4081955B-84CB-4A99-8B31-18A8EDA10BDB}.Ad-Hoc|x86.ActiveCfg = Debug|Any CPU
		{4081955B-84CB-4A99-8B31-18A8EDA10BDB}.Ad-Hoc|x86.Build.0 = Debug|Any CPU
		{4081955B-84CB-4A99-8B31-18A8EDA10BDB}.AppStore|Any CPU.ActiveCfg = Debug|Any CPU
		{4081955B-84CB-4A99-8B31-18A8EDA10BDB}.AppStore|Any CPU.Build.0 = Debug|Any CPU
		{4081955B-84CB-4A99-8B31-18A8EDA10BDB}.AppStore|ARM.ActiveCfg = Debug|Any CPU
		{4081955B-84CB-4A99-8B31-18A8EDA10BDB}.AppStore|ARM.Build.0 = Debug|Any CPU
		{4081955B-84CB-4A99-8B31-18A8EDA10BDB}.AppStore|iPhone.ActiveCfg = Debug|Any CPU
		{4081955B-84CB-4A99-8B31-18A8EDA10BDB}.AppStore|iPhone.Build.0 = Debug|Any CPU
		{4081955B-84CB-4A99-8B31-18A8EDA10BDB}.AppStore|iPhoneSimulator.ActiveCfg = Debug|Any CPU
		{4081955B-84CB-4A99-8B31-18A8EDA10BDB}.AppStore|iPhoneSimulator.Build.0 = Debug|Any CPU
		{4081955B-84CB-4A99-8B31-18A8EDA10BDB}.AppStore|x64.ActiveCfg = Debug|Any CPU
		{4081955B-84CB-4A99-8B31-18A8EDA10BDB}.AppStore|x64.Build.0 = Debug|Any CPU
		{4081955B-84CB-4A99-8B31-18A8EDA10BDB}.AppStore|x86.ActiveCfg = Debug|Any CPU
		{4081955B-84CB-4A99-8B31-18A8EDA10BDB}.AppStore|x86.Build.0 = Debug|Any CPU
		{4081955B-84CB-4A99-8B31-18A8EDA10BDB}.Debug|Any CPU.ActiveCfg = Debug|Any CPU
		{4081955B-84CB-4A99-8B31-18A8EDA10BDB}.Debug|Any CPU.Build.0 = Debug|Any CPU
		{4081955B-84CB-4A99-8B31-18A8EDA10BDB}.Debug|ARM.ActiveCfg = Debug|Any CPU
		{4081955B-84CB-4A99-8B31-18A8EDA10BDB}.Debug|ARM.Build.0 = Debug|Any CPU
		{4081955B-84CB-4A99-8B31-18A8EDA10BDB}.Debug|iPhone.ActiveCfg = Debug|Any CPU
		{4081955B-84CB-4A99-8B31-18A8EDA10BDB}.Debug|iPhone.Build.0 = Debug|Any CPU
		{4081955B-84CB-4A99-8B31-18A8EDA10BDB}.Debug|iPhoneSimulator.ActiveCfg = Debug|Any CPU
		{4081955B-84CB-4A99-8B31-18A8EDA10BDB}.Debug|iPhoneSimulator.Build.0 = Debug|Any CPU
		{4081955B-84CB-4A99-8B31-18A8EDA10BDB}.Debug|x64.ActiveCfg = Debug|Any CPU
		{4081955B-84CB-4A99-8B31-18A8EDA10BDB}.Debug|x64.Build.0 = Debug|Any CPU
		{4081955B-84CB-4A99-8B31-18A8EDA10BDB}.Debug|x86.ActiveCfg = Debug|Any CPU
		{4081955B-84CB-4A99-8B31-18A8EDA10BDB}.Debug|x86.Build.0 = Debug|Any CPU
		{4081955B-84CB-4A99-8B31-18A8EDA10BDB}.Release|Any CPU.ActiveCfg = Release|Any CPU
		{4081955B-84CB-4A99-8B31-18A8EDA10BDB}.Release|Any CPU.Build.0 = Release|Any CPU
		{4081955B-84CB-4A99-8B31-18A8EDA10BDB}.Release|ARM.ActiveCfg = Release|Any CPU
		{4081955B-84CB-4A99-8B31-18A8EDA10BDB}.Release|ARM.Build.0 = Release|Any CPU
		{4081955B-84CB-4A99-8B31-18A8EDA10BDB}.Release|iPhone.ActiveCfg = Release|Any CPU
		{4081955B-84CB-4A99-8B31-18A8EDA10BDB}.Release|iPhone.Build.0 = Release|Any CPU
		{4081955B-84CB-4A99-8B31-18A8EDA10BDB}.Release|iPhoneSimulator.ActiveCfg = Release|Any CPU
		{4081955B-84CB-4A99-8B31-18A8EDA10BDB}.Release|iPhoneSimulator.Build.0 = Release|Any CPU
		{4081955B-84CB-4A99-8B31-18A8EDA10BDB}.Release|x64.ActiveCfg = Release|Any CPU
		{4081955B-84CB-4A99-8B31-18A8EDA10BDB}.Release|x64.Build.0 = Release|Any CPU
		{4081955B-84CB-4A99-8B31-18A8EDA10BDB}.Release|x86.ActiveCfg = Release|Any CPU
		{4081955B-84CB-4A99-8B31-18A8EDA10BDB}.Release|x86.Build.0 = Release|Any CPU
		{E5AB7420-35E0-4789-BE98-49E8A62BB404}.Ad-Hoc|Any CPU.ActiveCfg = Release|Any CPU
		{E5AB7420-35E0-4789-BE98-49E8A62BB404}.Ad-Hoc|Any CPU.Build.0 = Release|Any CPU
		{E5AB7420-35E0-4789-BE98-49E8A62BB404}.Ad-Hoc|Any CPU.Deploy.0 = Release|Any CPU
		{E5AB7420-35E0-4789-BE98-49E8A62BB404}.Ad-Hoc|ARM.ActiveCfg = Release|Any CPU
		{E5AB7420-35E0-4789-BE98-49E8A62BB404}.Ad-Hoc|ARM.Build.0 = Release|Any CPU
		{E5AB7420-35E0-4789-BE98-49E8A62BB404}.Ad-Hoc|ARM.Deploy.0 = Release|Any CPU
		{E5AB7420-35E0-4789-BE98-49E8A62BB404}.Ad-Hoc|iPhone.ActiveCfg = Release|Any CPU
		{E5AB7420-35E0-4789-BE98-49E8A62BB404}.Ad-Hoc|iPhone.Build.0 = Release|Any CPU
		{E5AB7420-35E0-4789-BE98-49E8A62BB404}.Ad-Hoc|iPhone.Deploy.0 = Release|Any CPU
		{E5AB7420-35E0-4789-BE98-49E8A62BB404}.Ad-Hoc|iPhoneSimulator.ActiveCfg = Release|Any CPU
		{E5AB7420-35E0-4789-BE98-49E8A62BB404}.Ad-Hoc|iPhoneSimulator.Build.0 = Release|Any CPU
		{E5AB7420-35E0-4789-BE98-49E8A62BB404}.Ad-Hoc|iPhoneSimulator.Deploy.0 = Release|Any CPU
		{E5AB7420-35E0-4789-BE98-49E8A62BB404}.Ad-Hoc|x64.ActiveCfg = Release|Any CPU
		{E5AB7420-35E0-4789-BE98-49E8A62BB404}.Ad-Hoc|x64.Build.0 = Release|Any CPU
		{E5AB7420-35E0-4789-BE98-49E8A62BB404}.Ad-Hoc|x64.Deploy.0 = Release|Any CPU
		{E5AB7420-35E0-4789-BE98-49E8A62BB404}.Ad-Hoc|x86.ActiveCfg = Release|Any CPU
		{E5AB7420-35E0-4789-BE98-49E8A62BB404}.Ad-Hoc|x86.Build.0 = Release|Any CPU
		{E5AB7420-35E0-4789-BE98-49E8A62BB404}.Ad-Hoc|x86.Deploy.0 = Release|Any CPU
		{E5AB7420-35E0-4789-BE98-49E8A62BB404}.AppStore|Any CPU.ActiveCfg = Release|Any CPU
		{E5AB7420-35E0-4789-BE98-49E8A62BB404}.AppStore|Any CPU.Build.0 = Release|Any CPU
		{E5AB7420-35E0-4789-BE98-49E8A62BB404}.AppStore|Any CPU.Deploy.0 = Release|Any CPU
		{E5AB7420-35E0-4789-BE98-49E8A62BB404}.AppStore|ARM.ActiveCfg = Release|Any CPU
		{E5AB7420-35E0-4789-BE98-49E8A62BB404}.AppStore|ARM.Build.0 = Release|Any CPU
		{E5AB7420-35E0-4789-BE98-49E8A62BB404}.AppStore|ARM.Deploy.0 = Release|Any CPU
		{E5AB7420-35E0-4789-BE98-49E8A62BB404}.AppStore|iPhone.ActiveCfg = Release|Any CPU
		{E5AB7420-35E0-4789-BE98-49E8A62BB404}.AppStore|iPhone.Build.0 = Release|Any CPU
		{E5AB7420-35E0-4789-BE98-49E8A62BB404}.AppStore|iPhone.Deploy.0 = Release|Any CPU
		{E5AB7420-35E0-4789-BE98-49E8A62BB404}.AppStore|iPhoneSimulator.ActiveCfg = Release|Any CPU
		{E5AB7420-35E0-4789-BE98-49E8A62BB404}.AppStore|iPhoneSimulator.Build.0 = Release|Any CPU
		{E5AB7420-35E0-4789-BE98-49E8A62BB404}.AppStore|iPhoneSimulator.Deploy.0 = Release|Any CPU
		{E5AB7420-35E0-4789-BE98-49E8A62BB404}.AppStore|x64.ActiveCfg = Release|Any CPU
		{E5AB7420-35E0-4789-BE98-49E8A62BB404}.AppStore|x64.Build.0 = Release|Any CPU
		{E5AB7420-35E0-4789-BE98-49E8A62BB404}.AppStore|x64.Deploy.0 = Release|Any CPU
		{E5AB7420-35E0-4789-BE98-49E8A62BB404}.AppStore|x86.ActiveCfg = Release|Any CPU
		{E5AB7420-35E0-4789-BE98-49E8A62BB404}.AppStore|x86.Build.0 = Release|Any CPU
		{E5AB7420-35E0-4789-BE98-49E8A62BB404}.AppStore|x86.Deploy.0 = Release|Any CPU
		{E5AB7420-35E0-4789-BE98-49E8A62BB404}.Debug|Any CPU.ActiveCfg = Debug|Any CPU
		{E5AB7420-35E0-4789-BE98-49E8A62BB404}.Debug|Any CPU.Build.0 = Debug|Any CPU
		{E5AB7420-35E0-4789-BE98-49E8A62BB404}.Debug|Any CPU.Deploy.0 = Debug|Any CPU
		{E5AB7420-35E0-4789-BE98-49E8A62BB404}.Debug|ARM.ActiveCfg = Debug|Any CPU
		{E5AB7420-35E0-4789-BE98-49E8A62BB404}.Debug|ARM.Build.0 = Debug|Any CPU
		{E5AB7420-35E0-4789-BE98-49E8A62BB404}.Debug|ARM.Deploy.0 = Debug|Any CPU
		{E5AB7420-35E0-4789-BE98-49E8A62BB404}.Debug|iPhone.ActiveCfg = Debug|Any CPU
		{E5AB7420-35E0-4789-BE98-49E8A62BB404}.Debug|iPhone.Build.0 = Debug|Any CPU
		{E5AB7420-35E0-4789-BE98-49E8A62BB404}.Debug|iPhone.Deploy.0 = Debug|Any CPU
		{E5AB7420-35E0-4789-BE98-49E8A62BB404}.Debug|iPhoneSimulator.ActiveCfg = Debug|Any CPU
		{E5AB7420-35E0-4789-BE98-49E8A62BB404}.Debug|iPhoneSimulator.Build.0 = Debug|Any CPU
		{E5AB7420-35E0-4789-BE98-49E8A62BB404}.Debug|iPhoneSimulator.Deploy.0 = Debug|Any CPU
		{E5AB7420-35E0-4789-BE98-49E8A62BB404}.Debug|x64.ActiveCfg = Debug|Any CPU
		{E5AB7420-35E0-4789-BE98-49E8A62BB404}.Debug|x64.Build.0 = Debug|Any CPU
		{E5AB7420-35E0-4789-BE98-49E8A62BB404}.Debug|x64.Deploy.0 = Debug|Any CPU
		{E5AB7420-35E0-4789-BE98-49E8A62BB404}.Debug|x86.ActiveCfg = Debug|Any CPU
		{E5AB7420-35E0-4789-BE98-49E8A62BB404}.Debug|x86.Build.0 = Debug|Any CPU
		{E5AB7420-35E0-4789-BE98-49E8A62BB404}.Debug|x86.Deploy.0 = Debug|Any CPU
		{E5AB7420-35E0-4789-BE98-49E8A62BB404}.Release|Any CPU.ActiveCfg = Release|Any CPU
		{E5AB7420-35E0-4789-BE98-49E8A62BB404}.Release|Any CPU.Build.0 = Release|Any CPU
		{E5AB7420-35E0-4789-BE98-49E8A62BB404}.Release|Any CPU.Deploy.0 = Release|Any CPU
		{E5AB7420-35E0-4789-BE98-49E8A62BB404}.Release|ARM.ActiveCfg = Release|Any CPU
		{E5AB7420-35E0-4789-BE98-49E8A62BB404}.Release|ARM.Build.0 = Release|Any CPU
		{E5AB7420-35E0-4789-BE98-49E8A62BB404}.Release|ARM.Deploy.0 = Release|Any CPU
		{E5AB7420-35E0-4789-BE98-49E8A62BB404}.Release|iPhone.ActiveCfg = Release|Any CPU
		{E5AB7420-35E0-4789-BE98-49E8A62BB404}.Release|iPhone.Build.0 = Release|Any CPU
		{E5AB7420-35E0-4789-BE98-49E8A62BB404}.Release|iPhone.Deploy.0 = Release|Any CPU
		{E5AB7420-35E0-4789-BE98-49E8A62BB404}.Release|iPhoneSimulator.ActiveCfg = Release|Any CPU
		{E5AB7420-35E0-4789-BE98-49E8A62BB404}.Release|iPhoneSimulator.Build.0 = Release|Any CPU
		{E5AB7420-35E0-4789-BE98-49E8A62BB404}.Release|iPhoneSimulator.Deploy.0 = Release|Any CPU
		{E5AB7420-35E0-4789-BE98-49E8A62BB404}.Release|x64.ActiveCfg = Release|Any CPU
		{E5AB7420-35E0-4789-BE98-49E8A62BB404}.Release|x64.Build.0 = Release|Any CPU
		{E5AB7420-35E0-4789-BE98-49E8A62BB404}.Release|x64.Deploy.0 = Release|Any CPU
		{E5AB7420-35E0-4789-BE98-49E8A62BB404}.Release|x86.ActiveCfg = Release|Any CPU
		{E5AB7420-35E0-4789-BE98-49E8A62BB404}.Release|x86.Build.0 = Release|Any CPU
		{E5AB7420-35E0-4789-BE98-49E8A62BB404}.Release|x86.Deploy.0 = Release|Any CPU
		{7FA46ADD-41DA-4802-BE8C-6C7DAFA02425}.Ad-Hoc|Any CPU.ActiveCfg = Ad-Hoc|iPhone
		{7FA46ADD-41DA-4802-BE8C-6C7DAFA02425}.Ad-Hoc|ARM.ActiveCfg = Ad-Hoc|iPhone
		{7FA46ADD-41DA-4802-BE8C-6C7DAFA02425}.Ad-Hoc|iPhone.ActiveCfg = Ad-Hoc|iPhone
		{7FA46ADD-41DA-4802-BE8C-6C7DAFA02425}.Ad-Hoc|iPhone.Build.0 = Ad-Hoc|iPhone
		{7FA46ADD-41DA-4802-BE8C-6C7DAFA02425}.Ad-Hoc|iPhoneSimulator.ActiveCfg = Ad-Hoc|iPhoneSimulator
		{7FA46ADD-41DA-4802-BE8C-6C7DAFA02425}.Ad-Hoc|iPhoneSimulator.Build.0 = Ad-Hoc|iPhoneSimulator
		{7FA46ADD-41DA-4802-BE8C-6C7DAFA02425}.Ad-Hoc|x64.ActiveCfg = Ad-Hoc|iPhone
		{7FA46ADD-41DA-4802-BE8C-6C7DAFA02425}.Ad-Hoc|x86.ActiveCfg = Ad-Hoc|iPhone
		{7FA46ADD-41DA-4802-BE8C-6C7DAFA02425}.AppStore|Any CPU.ActiveCfg = AppStore|iPhone
		{7FA46ADD-41DA-4802-BE8C-6C7DAFA02425}.AppStore|ARM.ActiveCfg = AppStore|iPhone
		{7FA46ADD-41DA-4802-BE8C-6C7DAFA02425}.AppStore|iPhone.ActiveCfg = AppStore|iPhone
		{7FA46ADD-41DA-4802-BE8C-6C7DAFA02425}.AppStore|iPhone.Build.0 = AppStore|iPhone
		{7FA46ADD-41DA-4802-BE8C-6C7DAFA02425}.AppStore|iPhoneSimulator.ActiveCfg = AppStore|iPhoneSimulator
		{7FA46ADD-41DA-4802-BE8C-6C7DAFA02425}.AppStore|iPhoneSimulator.Build.0 = AppStore|iPhoneSimulator
		{7FA46ADD-41DA-4802-BE8C-6C7DAFA02425}.AppStore|x64.ActiveCfg = AppStore|iPhone
		{7FA46ADD-41DA-4802-BE8C-6C7DAFA02425}.AppStore|x86.ActiveCfg = AppStore|iPhone
		{7FA46ADD-41DA-4802-BE8C-6C7DAFA02425}.Debug|Any CPU.ActiveCfg = Debug|iPhone
		{7FA46ADD-41DA-4802-BE8C-6C7DAFA02425}.Debug|ARM.ActiveCfg = Debug|iPhone
		{7FA46ADD-41DA-4802-BE8C-6C7DAFA02425}.Debug|iPhone.ActiveCfg = Debug|iPhone
		{7FA46ADD-41DA-4802-BE8C-6C7DAFA02425}.Debug|iPhone.Build.0 = Debug|iPhone
		{7FA46ADD-41DA-4802-BE8C-6C7DAFA02425}.Debug|iPhoneSimulator.ActiveCfg = Debug|iPhoneSimulator
		{7FA46ADD-41DA-4802-BE8C-6C7DAFA02425}.Debug|iPhoneSimulator.Build.0 = Debug|iPhoneSimulator
		{7FA46ADD-41DA-4802-BE8C-6C7DAFA02425}.Debug|x64.ActiveCfg = Debug|iPhone
		{7FA46ADD-41DA-4802-BE8C-6C7DAFA02425}.Debug|x86.ActiveCfg = Debug|iPhone
		{7FA46ADD-41DA-4802-BE8C-6C7DAFA02425}.Release|Any CPU.ActiveCfg = Release|iPhone
		{7FA46ADD-41DA-4802-BE8C-6C7DAFA02425}.Release|ARM.ActiveCfg = Release|iPhone
		{7FA46ADD-41DA-4802-BE8C-6C7DAFA02425}.Release|iPhone.ActiveCfg = Release|iPhone
		{7FA46ADD-41DA-4802-BE8C-6C7DAFA02425}.Release|iPhone.Build.0 = Release|iPhone
		{7FA46ADD-41DA-4802-BE8C-6C7DAFA02425}.Release|iPhoneSimulator.ActiveCfg = Release|iPhoneSimulator
		{7FA46ADD-41DA-4802-BE8C-6C7DAFA02425}.Release|iPhoneSimulator.Build.0 = Release|iPhoneSimulator
		{7FA46ADD-41DA-4802-BE8C-6C7DAFA02425}.Release|x64.ActiveCfg = Release|iPhone
		{7FA46ADD-41DA-4802-BE8C-6C7DAFA02425}.Release|x86.ActiveCfg = Release|iPhone
		{3281355E-49F8-4ECF-AABF-0F744654C784}.Ad-Hoc|Any CPU.ActiveCfg = Release|x86
		{3281355E-49F8-4ECF-AABF-0F744654C784}.Ad-Hoc|Any CPU.Build.0 = Release|x86
		{3281355E-49F8-4ECF-AABF-0F744654C784}.Ad-Hoc|Any CPU.Deploy.0 = Release|x86
		{3281355E-49F8-4ECF-AABF-0F744654C784}.Ad-Hoc|ARM.ActiveCfg = Release|ARM
		{3281355E-49F8-4ECF-AABF-0F744654C784}.Ad-Hoc|ARM.Build.0 = Release|ARM
		{3281355E-49F8-4ECF-AABF-0F744654C784}.Ad-Hoc|ARM.Deploy.0 = Release|ARM
		{3281355E-49F8-4ECF-AABF-0F744654C784}.Ad-Hoc|iPhone.ActiveCfg = Release|x86
		{3281355E-49F8-4ECF-AABF-0F744654C784}.Ad-Hoc|iPhone.Build.0 = Release|x86
		{3281355E-49F8-4ECF-AABF-0F744654C784}.Ad-Hoc|iPhone.Deploy.0 = Release|x86
		{3281355E-49F8-4ECF-AABF-0F744654C784}.Ad-Hoc|iPhoneSimulator.ActiveCfg = Release|x86
		{3281355E-49F8-4ECF-AABF-0F744654C784}.Ad-Hoc|iPhoneSimulator.Build.0 = Release|x86
		{3281355E-49F8-4ECF-AABF-0F744654C784}.Ad-Hoc|iPhoneSimulator.Deploy.0 = Release|x86
		{3281355E-49F8-4ECF-AABF-0F744654C784}.Ad-Hoc|x64.ActiveCfg = Release|x64
		{3281355E-49F8-4ECF-AABF-0F744654C784}.Ad-Hoc|x64.Build.0 = Release|x64
		{3281355E-49F8-4ECF-AABF-0F744654C784}.Ad-Hoc|x64.Deploy.0 = Release|x64
		{3281355E-49F8-4ECF-AABF-0F744654C784}.Ad-Hoc|x86.ActiveCfg = Release|x86
		{3281355E-49F8-4ECF-AABF-0F744654C784}.Ad-Hoc|x86.Build.0 = Release|x86
		{3281355E-49F8-4ECF-AABF-0F744654C784}.Ad-Hoc|x86.Deploy.0 = Release|x86
		{3281355E-49F8-4ECF-AABF-0F744654C784}.AppStore|Any CPU.ActiveCfg = Release|x86
		{3281355E-49F8-4ECF-AABF-0F744654C784}.AppStore|Any CPU.Build.0 = Release|x86
		{3281355E-49F8-4ECF-AABF-0F744654C784}.AppStore|Any CPU.Deploy.0 = Release|x86
		{3281355E-49F8-4ECF-AABF-0F744654C784}.AppStore|ARM.ActiveCfg = Release|ARM
		{3281355E-49F8-4ECF-AABF-0F744654C784}.AppStore|ARM.Build.0 = Release|ARM
		{3281355E-49F8-4ECF-AABF-0F744654C784}.AppStore|ARM.Deploy.0 = Release|ARM
		{3281355E-49F8-4ECF-AABF-0F744654C784}.AppStore|iPhone.ActiveCfg = Release|x86
		{3281355E-49F8-4ECF-AABF-0F744654C784}.AppStore|iPhone.Build.0 = Release|x86
		{3281355E-49F8-4ECF-AABF-0F744654C784}.AppStore|iPhone.Deploy.0 = Release|x86
		{3281355E-49F8-4ECF-AABF-0F744654C784}.AppStore|iPhoneSimulator.ActiveCfg = Release|x86
		{3281355E-49F8-4ECF-AABF-0F744654C784}.AppStore|iPhoneSimulator.Build.0 = Release|x86
		{3281355E-49F8-4ECF-AABF-0F744654C784}.AppStore|iPhoneSimulator.Deploy.0 = Release|x86
		{3281355E-49F8-4ECF-AABF-0F744654C784}.AppStore|x64.ActiveCfg = Release|x64
		{3281355E-49F8-4ECF-AABF-0F744654C784}.AppStore|x64.Build.0 = Release|x64
		{3281355E-49F8-4ECF-AABF-0F744654C784}.AppStore|x64.Deploy.0 = Release|x64
		{3281355E-49F8-4ECF-AABF-0F744654C784}.AppStore|x86.ActiveCfg = Release|x86
		{3281355E-49F8-4ECF-AABF-0F744654C784}.AppStore|x86.Build.0 = Release|x86
		{3281355E-49F8-4ECF-AABF-0F744654C784}.AppStore|x86.Deploy.0 = Release|x86
		{3281355E-49F8-4ECF-AABF-0F744654C784}.Debug|Any CPU.ActiveCfg = Debug|x86
		{3281355E-49F8-4ECF-AABF-0F744654C784}.Debug|ARM.ActiveCfg = Debug|ARM
		{3281355E-49F8-4ECF-AABF-0F744654C784}.Debug|ARM.Build.0 = Debug|ARM
		{3281355E-49F8-4ECF-AABF-0F744654C784}.Debug|ARM.Deploy.0 = Debug|ARM
		{3281355E-49F8-4ECF-AABF-0F744654C784}.Debug|iPhone.ActiveCfg = Debug|x86
		{3281355E-49F8-4ECF-AABF-0F744654C784}.Debug|iPhoneSimulator.ActiveCfg = Debug|x86
		{3281355E-49F8-4ECF-AABF-0F744654C784}.Debug|x64.ActiveCfg = Debug|x64
		{3281355E-49F8-4ECF-AABF-0F744654C784}.Debug|x64.Build.0 = Debug|x64
		{3281355E-49F8-4ECF-AABF-0F744654C784}.Debug|x64.Deploy.0 = Debug|x64
		{3281355E-49F8-4ECF-AABF-0F744654C784}.Debug|x86.ActiveCfg = Debug|x86
		{3281355E-49F8-4ECF-AABF-0F744654C784}.Debug|x86.Build.0 = Debug|x86
		{3281355E-49F8-4ECF-AABF-0F744654C784}.Debug|x86.Deploy.0 = Debug|x86
		{3281355E-49F8-4ECF-AABF-0F744654C784}.Release|Any CPU.ActiveCfg = Release|x86
		{3281355E-49F8-4ECF-AABF-0F744654C784}.Release|ARM.ActiveCfg = Release|ARM
		{3281355E-49F8-4ECF-AABF-0F744654C784}.Release|ARM.Build.0 = Release|ARM
		{3281355E-49F8-4ECF-AABF-0F744654C784}.Release|ARM.Deploy.0 = Release|ARM
		{3281355E-49F8-4ECF-AABF-0F744654C784}.Release|iPhone.ActiveCfg = Release|x86
		{3281355E-49F8-4ECF-AABF-0F744654C784}.Release|iPhoneSimulator.ActiveCfg = Release|x86
		{3281355E-49F8-4ECF-AABF-0F744654C784}.Release|x64.ActiveCfg = Release|x64
		{3281355E-49F8-4ECF-AABF-0F744654C784}.Release|x64.Build.0 = Release|x64
		{3281355E-49F8-4ECF-AABF-0F744654C784}.Release|x64.Deploy.0 = Release|x64
		{3281355E-49F8-4ECF-AABF-0F744654C784}.Release|x86.ActiveCfg = Release|x86
		{3281355E-49F8-4ECF-AABF-0F744654C784}.Release|x86.Build.0 = Release|x86
		{3281355E-49F8-4ECF-AABF-0F744654C784}.Release|x86.Deploy.0 = Release|x86
	EndGlobalSection
	GlobalSection(SolutionProperties) = preSolution
		HideSolutionNode = FALSE
	EndGlobalSection
	GlobalSection(ExtensibilityGlobals) = postSolution
		SolutionGuid = {7C5A8D9C-767E-4261-931A-B60FF9C000AE}
	EndGlobalSection
EndGlobal
